
Microsoft Visual Studio Solution File, Format Version 10.00
# Visual C++ Express 2008
Project("{8BC9CEB8-8B4A-11D0-8D11-00A0C91BC942}") = "MicroRPG", "MicroRPG.vcproj", "{DD505A82-2F2A-4AF5-89C3-F6AC4E03290F}"
EndProject
Global
	GlobalSection(SolutionConfigurationPlatforms) = preSolution
		Debug|Win32 = Debug|Win32
		Release|Win32 = Release|Win32
	EndGlobalSection
	GlobalSection(ProjectConfigurationPlatforms) = postSolution
		{DD505A82-2F2A-4AF5-89C3-F6AC4E03290F}.Debug|Win32.ActiveCfg = Debug|Win32
		{DD505A82-2F2A-4AF5-89C3-F6AC4E03290F}.Debug|Win32.Build.0 = Debug|Win32
		{DD505A82-2F2A-4AF5-89C3-F6AC4E03290F}.Release|Win32.ActiveCfg = Release|Win32
		{DD505A82-2F2A-4AF5-89C3-F6AC4E03290F}.Release|Win32.Build.0 = Release|Win32
	EndGlobalSection
	GlobalSection(SolutionProperties) = preSolution
		HideSolutionNode = FALSE
	EndGlobalSection
EndGlobal
