<?xml version="1.0" encoding="UTF-8" standalone="yes" ?>
<CodeBlocks_project_file>
	<FileVersion major="1" minor="6" />
	<Project>
		<Option title="MicroRPG" />
		<Option platforms="Unix;" />
		<Option pch_mode="2" />
		<Option compiler="gcc" />
		<Build>
			<Target title="Debug">
				<Option platforms="Unix;" />
				<Option output="MicroRPG_d" prefix_auto="1" extension_auto="1" />
				<Option object_output="obj/Debug/" />
				<Option type="1" />
				<Option compiler="gcc" />
				<Compiler>
					<Add option="-g" />
				</Compiler>
			</Target>
			<Target title="Release">
				<Option platforms="Unix;" />
				<Option output="MicroRPG" prefix_auto="1" extension_auto="1" />
				<Option object_output="obj/Release/" />
				<Option type="1" />
				<Option compiler="gcc" />
				<Compiler>
					<Add option="-Os" />
				</Compiler>
				<Linker>
					<Add option="-s" />
				</Linker>
			</Target>
			<Target title="Debug_Panzerschrek_only">
				<Option platforms="Unix;" />
				<Option output="/home/panzerschrek/Рабочий стол/MicroRPGTmp/MicroRPG_d" prefix_auto="1" extension_auto="1" />
				<Option object_output="obj/Debug/" />
				<Option type="1" />
				<Option compiler="gcc" />
				<Compiler>
					<Add option="-g" />
				</Compiler>
			</Target>
		</Build>
		<Compiler>
			<Add option="-Wextra" />
			<Add option="-DMRPG_OS_GNU_LINUX" />
		</Compiler>
		<Linker>
			<Add library="X11" />
			<Add library="GL" />
		</Linker>
		<Unit filename="src/background.cpp" />
		<Unit filename="src/background.h" />
		<Unit filename="src/game_constants.h" />
		<Unit filename="src/gl_functions.cpp" />
		<Unit filename="src/gl_functions.h" />
		<Unit filename="src/glsl_program.cpp" />
		<Unit filename="src/glsl_program.h" />
		<Unit filename="src/level.cpp" />
		<Unit filename="src/level.h" />
		<Unit filename="src/main.cpp" />
		<Unit filename="src/main_loop.cpp" />
		<Unit filename="src/main_loop.h" />
		<Unit filename="src/math.cpp" />
		<Unit filename="src/math.h" />
		<Unit filename="src/micro_rpg.h" />
		<Unit filename="src/microbe.cpp" />
		<Unit filename="src/microbe.h" />
		<Unit filename="src/part_generation.cpp" />
		<Unit filename="src/part_generation.h" />
		<Unit filename="src/player.h" />
		<Unit filename="src/renderer.cpp" />
		<Unit filename="src/renderer.h" />
		<Unit filename="src/shaders.cpp" />
		<Unit filename="src/shaders.h" />
		<Unit filename="src/text.cpp" />
		<Unit filename="src/text.h" />
		<Unit filename="src/vertex_buffer.cpp" />
		<Unit filename="src/vertex_buffer.h" />
		<Extensions>
			<code_completion />
			<debugger />
		</Extensions>
	</Project>
</CodeBlocks_project_file>
